
Microsoft Visual Studio Solution File, Format Version 12.00
# Visual Studio Version 16
VisualStudioVersion = 16.0.29201.188
MinimumVisualStudioVersion = 10.0.40219.1
Project("{FAE04EC0-301F-11D3-BF4B-00C04F79EFBC}") = "MVC phone", "MVC phone\MVC phone.csproj", "{2B64D513-5EE1-4633-81A2-5B57869418C0}"
EndProject
Global
	GlobalSection(SolutionConfigurationPlatforms) = preSolution
		Debug|Any CPU = Debug|Any CPU
		Release|Any CPU = Release|Any CPU
	EndGlobalSection
	GlobalSection(ProjectConfigurationPlatforms) = postSolution
		{2B64D513-5EE1-4633-81A2-5B57869418C0}.Debug|Any CPU.ActiveCfg = Debug|Any CPU
		{2B64D513-5EE1-4633-81A2-5B57869418C0}.Debug|Any CPU.Build.0 = Debug|Any CPU
		{2B64D513-5EE1-4633-81A2-5B57869418C0}.Release|Any CPU.ActiveCfg = Release|Any CPU
		{2B64D513-5EE1-4633-81A2-5B57869418C0}.Release|Any CPU.Build.0 = Release|Any CPU
	EndGlobalSection
	GlobalSection(SolutionProperties) = preSolution
		HideSolutionNode = FALSE
	EndGlobalSection
	GlobalSection(ExtensibilityGlobals) = postSolution
		SolutionGuid = {CE93CF60-665B-4268-BFE0-242DBEC7E216}
	EndGlobalSection
EndGlobal
